
Microsoft Visual Studio Solution File, Format Version 12.00
# Visual Studio 15
VisualStudioVersion = 15.0.27004.2005
MinimumVisualStudioVersion = 10.0.40219.1
Project("{9A19103F-16F7-4668-BE54-9A1E7A4F7556}") = "VCSVersion", "VCSVersion\VCSVersion.csproj", "{297919B8-481C-44A8-96F0-5EC7F2644A38}"
EndProject
Project("{FAE04EC0-301F-11D3-BF4B-00C04F79EFBC}") = "VCSVersionTests", "VCSVersionTests\VCSVersionTests.csproj", "{1AE212DB-C063-48AA-81BB-53814DBAD2B3}"
EndProject
Global
	GlobalSection(SolutionConfigurationPlatforms) = preSolution
		Debug|Any CPU = Debug|Any CPU
		Release|Any CPU = Release|Any CPU
	EndGlobalSection
	GlobalSection(ProjectConfigurationPlatforms) = postSolution
		{297919B8-481C-44A8-96F0-5EC7F2644A38}.Debug|Any CPU.ActiveCfg = Debug|Any CPU
		{297919B8-481C-44A8-96F0-5EC7F2644A38}.Debug|Any CPU.Build.0 = Debug|Any CPU
		{297919B8-481C-44A8-96F0-5EC7F2644A38}.Release|Any CPU.ActiveCfg = Release|Any CPU
		{297919B8-481C-44A8-96F0-5EC7F2644A38}.Release|Any CPU.Build.0 = Release|Any CPU
		{1AE212DB-C063-48AA-81BB-53814DBAD2B3}.Debug|Any CPU.ActiveCfg = Debug|Any CPU
		{1AE212DB-C063-48AA-81BB-53814DBAD2B3}.Debug|Any CPU.Build.0 = Debug|Any CPU
		{1AE212DB-C063-48AA-81BB-53814DBAD2B3}.Release|Any CPU.ActiveCfg = Release|Any CPU
		{1AE212DB-C063-48AA-81BB-53814DBAD2B3}.Release|Any CPU.Build.0 = Release|Any CPU
	EndGlobalSection
	GlobalSection(SolutionProperties) = preSolution
		HideSolutionNode = FALSE
	EndGlobalSection
	GlobalSection(ExtensibilityGlobals) = postSolution
		SolutionGuid = {264FD3B0-048C-472C-946D-1E999EE1E6F4}
	EndGlobalSection
EndGlobal
